
Microsoft Visual Studio Solution File, Format Version 12.00
# Visual Studio 2012
Project("{FAE04EC0-301F-11D3-BF4B-00C04F79EFBC}") = "上位机", "上位机\上位机.csproj", "{0660685D-E6C5-41E4-A309-CC3C0A195F26}"
EndProject
Global
	GlobalSection(SolutionConfigurationPlatforms) = preSolution
		Debug|Any CPU = Debug|Any CPU
		Release|Any CPU = Release|Any CPU
	EndGlobalSection
	GlobalSection(ProjectConfigurationPlatforms) = postSolution
		{0660685D-E6C5-41E4-A309-CC3C0A195F26}.Debug|Any CPU.ActiveCfg = Debug|Any CPU
		{0660685D-E6C5-41E4-A309-CC3C0A195F26}.Debug|Any CPU.Build.0 = Debug|Any CPU
		{0660685D-E6C5-41E4-A309-CC3C0A195F26}.Release|Any CPU.ActiveCfg = Release|Any CPU
		{0660685D-E6C5-41E4-A309-CC3C0A195F26}.Release|Any CPU.Build.0 = Release|Any CPU
	EndGlobalSection
	GlobalSection(SolutionProperties) = preSolution
		HideSolutionNode = FALSE
	EndGlobalSection
EndGlobal
